{
  "requires": true,
  "lockfileVersion": 1,
  "dependencies": {
    "leaflet-clonelayer": {
      "version": "1.0.7",
      "resolved": "https://registry.npmjs.org/leaflet-clonelayer/-/leaflet-clonelayer-1.0.7.tgz",
      "integrity": "sha512-kqpGX1NfoPZ7fy8SU+PfrfWhvjAEsLECx2JYFdifhW6WGbJRlESMP7vnI3DVbrplcIcSHPOcAUPuGpoK9jNcPg=="
    },
    "leaflet.layerscontrol-minimap": {
      "version": "1.0.21",
      "resolved": "https://registry.npmjs.org/leaflet.layerscontrol-minimap/-/leaflet.layerscontrol-minimap-1.0.21.tgz",
      "integrity": "sha512-Bc8frJb6C8209CtqzrBOzbSDzzD77Mq0EyVUjsmZ1tHZMSZPYqqVFP3WrPKUqDi8ObNWxXEuN4bngzKKV3AhBA==",
      "requires": {
        "leaflet-clonelayer": "^1.0.7",
        "leaflet.sync": "0.2.4"
      }
    },
    "leaflet.sync": {
      "version": "0.2.4",
      "resolved": "https://registry.npmjs.org/leaflet.sync/-/leaflet.sync-0.2.4.tgz",
      "integrity": "sha1-dtQJWmFHCILXLgkhkAkNCh+lXKI="
    }
  }
}
